// !$*UTF8*$!
{
	archiveVersion = 1;
	classes = {
	};
	objectVersion = 50;
	objects = {

/* Begin PBXBuildFile section */
		847DC336224DE84600723661 /* AppDelegate.swift in Sources */ = {isa = PBXBuildFile; fileRef = 847DC335224DE84600723661 /* AppDelegate.swift */; };
		847DC33B224DE84700723661 /* Main.storyboard in Resources */ = {isa = PBXBuildFile; fileRef = 847DC339224DE84700723661 /* Main.storyboard */; };
		847DC33E224DE84700723661 /* LinkedInSignInSwift.xcdatamodeld in Sources */ = {isa = PBXBuildFile; fileRef = 847DC33C224DE84700723661 /* LinkedInSignInSwift.xcdatamodeld */; };
		847DC340224DE85000723661 /* Assets.xcassets in Resources */ = {isa = PBXBuildFile; fileRef = 847DC33F224DE85000723661 /* Assets.xcassets */; };
		847DC343224DE85000723661 /* LaunchScreen.storyboard in Resources */ = {isa = PBXBuildFile; fileRef = 847DC341224DE85000723661 /* LaunchScreen.storyboard */; };
		847DC34D224DE91F00723661 /* ViewController.swift in Sources */ = {isa = PBXBuildFile; fileRef = 847DC34B224DE91F00723661 /* ViewController.swift */; };
		847DC34E224DE91F00723661 /* LinkedInAuthorizationVC.swift in Sources */ = {isa = PBXBuildFile; fileRef = 847DC34C224DE91F00723661 /* LinkedInAuthorizationVC.swift */; };
/* End PBXBuildFile section */

/* Begin PBXFileReference section */
		847DC332224DE84600723661 /* LinkedInSignInSwift.app */ = {isa = PBXFileReference; explicitFileType = wrapper.application; includeInIndex = 0; path = LinkedInSignInSwift.app; sourceTree = BUILT_PRODUCTS_DIR; };
		847DC335224DE84600723661 /* AppDelegate.swift */ = {isa = PBXFileReference; lastKnownFileType = sourcecode.swift; path = AppDelegate.swift; sourceTree = "<group>"; };
		847DC33A224DE84700723661 /* Base */ = {isa = PBXFileReference; lastKnownFileType = file.storyboard; name = Base; path = Base.lproj/Main.storyboard; sourceTree = "<group>"; };
		847DC33D224DE84700723661 /* LinkedInSignInSwift.xcdatamodel */ = {isa = PBXFileReference; lastKnownFileType = wrapper.xcdatamodel; path = LinkedInSignInSwift.xcdatamodel; sourceTree = "<group>"; };
		847DC33F224DE85000723661 /* Assets.xcassets */ = {isa = PBXFileReference; lastKnownFileType = folder.assetcatalog; path = Assets.xcassets; sourceTree = "<group>"; };
		847DC342224DE85000723661 /* Base */ = {isa = PBXFileReference; lastKnownFileType = file.storyboard; name = Base; path = Base.lproj/LaunchScreen.storyboard; sourceTree = "<group>"; };
		847DC344224DE85000723661 /* Info.plist */ = {isa = PBXFileReference; lastKnownFileType = text.plist.xml; path = Info.plist; sourceTree = "<group>"; };
		847DC34B224DE91F00723661 /* ViewController.swift */ = {isa = PBXFileReference; fileEncoding = 4; lastKnownFileType = sourcecode.swift; path = ViewController.swift; sourceTree = "<group>"; };
		847DC34C224DE91F00723661 /* LinkedInAuthorizationVC.swift */ = {isa = PBXFileReference; fileEncoding = 4; lastKnownFileType = sourcecode.swift; path = LinkedInAuthorizationVC.swift; sourceTree = "<group>"; };
/* End PBXFileReference section */

/* Begin PBXFrameworksBuildPhase section */
		847DC32F224DE84600723661 /* Frameworks */ = {
			isa = PBXFrameworksBuildPhase;
			buildActionMask = 2147483647;
			files = (
			);
			runOnlyForDeploymentPostprocessing = 0;
		};
/* End PBXFrameworksBuildPhase section */

/* Begin PBXGroup section */
		847DC329224DE84600723661 = {
			isa = PBXGroup;
			children = (
				847DC334224DE84600723661 /* LinkedInSignInSwift */,
				847DC333224DE84600723661 /* Products */,
			);
			sourceTree = "<group>";
		};
		847DC333224DE84600723661 /* Products */ = {
			isa = PBXGroup;
			children = (
				847DC332224DE84600723661 /* LinkedInSignInSwift.app */,
			);
			name = Products;
			sourceTree = "<group>";
		};
		847DC334224DE84600723661 /* LinkedInSignInSwift */ = {
			isa = PBXGroup;
			children = (
				847DC34A224DE91F00723661 /* Controller */,
				847DC335224DE84600723661 /* AppDelegate.swift */,
				847DC339224DE84700723661 /* Main.storyboard */,
				847DC33F224DE85000723661 /* Assets.xcassets */,
				847DC341224DE85000723661 /* LaunchScreen.storyboard */,
				847DC344224DE85000723661 /* Info.plist */,
				847DC33C224DE84700723661 /* LinkedInSignInSwift.xcdatamodeld */,
			);
			path = LinkedInSignInSwift;
			sourceTree = "<group>";
		};
		847DC34A224DE91F00723661 /* Controller */ = {
			isa = PBXGroup;
			children = (
				847DC34B224DE91F00723661 /* ViewController.swift */,
				847DC34C224DE91F00723661 /* LinkedInAuthorizationVC.swift */,
			);
			path = Controller;
			sourceTree = "<group>";
		};
/* End PBXGroup section */

/* Begin PBXNativeTarget section */
		847DC331224DE84600723661 /* LinkedInSignInSwift */ = {
			isa = PBXNativeTarget;
			buildConfigurationList = 847DC347224DE85000723661 /* Build configuration list for PBXNativeTarget "LinkedInSignInSwift" */;
			buildPhases = (
				847DC32E224DE84600723661 /* Sources */,
				847DC32F224DE84600723661 /* Frameworks */,
				847DC330224DE84600723661 /* Resources */,
			);
			buildRules = (
			);
			dependencies = (
			);
			name = LinkedInSignInSwift;
			productName = LinkedInSignInSwift;
			productReference = 847DC332224DE84600723661 /* LinkedInSignInSwift.app */;
			productType = "com.apple.product-type.application";
		};
/* End PBXNativeTarget section */

/* Begin PBXProject section */
		847DC32A224DE84600723661 /* Project object */ = {
			isa = PBXProject;
			attributes = {
				LastSwiftUpdateCheck = 1010;
				LastUpgradeCheck = 1010;
				ORGANIZATIONNAME = Hardik;
				TargetAttributes = {
					847DC331224DE84600723661 = {
						CreatedOnToolsVersion = 10.1;
					};
				};
			};
			buildConfigurationList = 847DC32D224DE84600723661 /* Build configuration list for PBXProject "LinkedInSignInSwift" */;
			compatibilityVersion = "Xcode 9.3";
			developmentRegion = en;
			hasScannedForEncodings = 0;
			knownRegions = (
				en,
				Base,
			);
			mainGroup = 847DC329224DE84600723661;
			productRefGroup = 847DC333224DE84600723661 /* Products */;
			projectDirPath = "";
			projectRoot = "";
			targets = (
				847DC331224DE84600723661 /* LinkedInSignInSwift */,
			);
		};
/* End PBXProject section */

/* Begin PBXResourcesBuildPhase section */
		847DC330224DE84600723661 /* Resources */ = {
			isa = PBXResourcesBuildPhase;
			buildActionMask = 2147483647;
			files = (
				847DC343224DE85000723661 /* LaunchScreen.storyboard in Resources */,
				847DC340224DE85000723661 /* Assets.xcassets in Resources */,
				847DC33B224DE84700723661 /* Main.storyboard in Resources */,
			);
			runOnlyForDeploymentPostprocessing = 0;
		};
/* End PBXResourcesBuildPhase section */

/* Begin PBXSourcesBuildPhase section */
		847DC32E224DE84600723661 /* Sources */ = {
			isa = PBXSourcesBuildPhase;
			buildActionMask = 2147483647;
			files = (
				847DC34E224DE91F00723661 /* LinkedInAuthorizationVC.swift in Sources */,
				847DC34D224DE91F00723661 /* ViewController.swift in Sources */,
				847DC33E224DE84700723661 /* LinkedInSignInSwift.xcdatamodeld in Sources */,
				847DC336224DE84600723661 /* AppDelegate.swift in Sources */,
			);
			runOnlyForDeploymentPostprocessing = 0;
		};
/* End PBXSourcesBuildPhase section */

/* Begin PBXVariantGroup section */
		847DC339224DE84700723661 /* Main.storyboard */ = {
			isa = PBXVariantGroup;
			children = (
				847DC33A224DE84700723661 /* Base */,
			);
			name = Main.storyboard;
			sourceTree = "<group>";
		};
		847DC341224DE85000723661 /* LaunchScreen.storyboard */ = {
			isa = PBXVariantGroup;
			children = (
				847DC342224DE85000723661 /* Base */,
			);
			name = LaunchScreen.storyboard;
			sourceTree = "<group>";
		};
/* End PBXVariantGroup section */

/* Begin XCBuildConfiguration section */
		847DC345224DE85000723661 /* Debug */ = {
			isa = XCBuildConfiguration;
			buildSettings = {
				ALWAYS_SEARCH_USER_PATHS = NO;
				CLANG_ANALYZER_NONNULL = YES;
				CLANG_ANALYZER_NUMBER_OBJECT_CONVERSION = YES_AGGRESSIVE;
				CLANG_CXX_LANGUAGE_STANDARD = "gnu++14";
				CLANG_CXX_LIBRARY = "libc++";
				CLANG_ENABLE_MODULES = YES;
				CLANG_ENABLE_OBJC_ARC = YES;
				CLANG_ENABLE_OBJC_WEAK = YES;
				CLANG_WARN_BLOCK_CAPTURE_AUTORELEASING = YES;
				CLANG_WARN_BOOL_CONVERSION = YES;
				CLANG_WARN_COMMA = YES;
				CLANG_WARN_CONSTANT_CONVERSION = YES;
				CLANG_WARN_DEPRECATED_OBJC_IMPLEMENTATIONS = YES;
				CLANG_WARN_DIRECT_OBJC_ISA_USAGE = YES_ERROR;
				CLANG_WARN_DOCUMENTATION_COMMENTS = YES;
				CLANG_WARN_EMPTY_BODY = YES;
				CLANG_WARN_ENUM_CONVERSION = YES;
				CLANG_WARN_INFINITE_RECURSION = YES;
				CLANG_WARN_INT_CONVERSION = YES;
				CLANG_WARN_NON_LITERAL_NULL_CONVERSION = YES;
				CLANG_WARN_OBJC_IMPLICIT_RETAIN_SELF = YES;
				CLANG_WARN_OBJC_LITERAL_CONVERSION = YES;
				CLANG_WARN_OBJC_ROOT_CLASS = YES_ERROR;
				CLANG_WARN_RANGE_LOOP_ANALYSIS = YES;
				CLANG_WARN_STRICT_PROTOTYPES = YES;
				CLANG_WARN_SUSPICIOUS_MOVE = YES;
				CLANG_WARN_UNGUARDED_AVAILABILITY = YES_AGGRESSIVE;
				CLANG_WARN_UNREACHABLE_CODE = YES;
				CLANG_WARN__DUPLICATE_METHOD_MATCH = YES;
				CODE_SIGN_IDENTITY = "iPhone Developer";
				COPY_PHASE_STRIP = NO;
				DEBUG_INFORMATION_FORMAT = dwarf;
				ENABLE_STRICT_OBJC_MSGSEND = YES;
				ENABLE_TESTABILITY = YES;
				GCC_C_LANGUAGE_STANDARD = gnu11;
				GCC_DYNAMIC_NO_PIC = NO;
				GCC_NO_COMMON_BLOCKS = YES;
				GCC_OPTIMIZATION_LEVEL = 0;
				GCC_PREPROCESSOR_DEFINITIONS = (
					"DEBUG=1",
					"$(inherited)",
				);
				GCC_WARN_64_TO_32_BIT_CONVERSION = YES;
				GCC_WARN_ABOUT_RETURN_TYPE = YES_ERROR;
				GCC_WARN_UNDECLARED_SELECTOR = YES;
				GCC_WARN_UNINITIALIZED_AUTOS = YES_AGGRESSIVE;
				GCC_WARN_UNUSED_FUNCTION = YES;
				GCC_WARN_UNUSED_VARIABLE = YES;
				IPHONEOS_DEPLOYMENT_TARGET = 12.1;
				MTL_ENABLE_DEBUG_INFO = INCLUDE_SOURCE;
				MTL_FAST_MATH = YES;
				ONLY_ACTIVE_ARCH = YES;
				SDKROOT = iphoneos;
				SWIFT_ACTIVE_COMPILATION_CONDITIONS = DEBUG;
				SWIFT_OPTIMIZATION_LEVEL = "-Onone";
			};
			name = Debug;
		};
		847DC346224DE85000723661 /* Release */ = {
			isa = XCBuildConfiguration;
			buildSettings = {
				ALWAYS_SEARCH_USER_PATHS = NO;
				CLANG_ANALYZER_NONNULL = YES;
				CLANG_ANALYZER_NUMBER_OBJECT_CONVERSION = YES_AGGRESSIVE;
				CLANG_CXX_LANGUAGE_STANDARD = "gnu++14";
				CLANG_CXX_LIBRARY = "libc++";
				CLANG_ENABLE_MODULES = YES;
				CLANG_ENABLE_OBJC_ARC = YES;
				CLANG_ENABLE_OBJC_WEAK = YES;
				CLANG_WARN_BLOCK_CAPTURE_AUTORELEASING = YES;
				CLANG_WARN_BOOL_CONVERSION = YES;
				CLANG_WARN_COMMA = YES;
				CLANG_WARN_CONSTANT_CONVERSION = YES;
				CLANG_WARN_DEPRECATED_OBJC_IMPLEMENTATIONS = YES;
				CLANG_WARN_DIRECT_OBJC_ISA_USAGE = YES_ERROR;
				CLANG_WARN_DOCUMENTATION_COMMENTS = YES;
				CLANG_WARN_EMPTY_BODY = YES;
				CLANG_WARN_ENUM_CONVERSION = YES;
				CLANG_WARN_INFINITE_RECURSION = YES;
				CLANG_WARN_INT_CONVERSION = YES;
				CLANG_WARN_NON_LITERAL_NULL_CONVERSION = YES;
				CLANG_WARN_OBJC_IMPLICIT_RETAIN_SELF = YES;
				CLANG_WARN_OBJC_LITERAL_CONVERSION = YES;
				CLANG_WARN_OBJC_ROOT_CLASS = YES_ERROR;
				CLANG_WARN_RANGE_LOOP_ANALYSIS = YES;
				CLANG_WARN_STRICT_PROTOTYPES = YES;
				CLANG_WARN_SUSPICIOUS_MOVE = YES;
				CLANG_WARN_UNGUARDED_AVAILABILITY = YES_AGGRESSIVE;
				CLANG_WARN_UNREACHABLE_CODE = YES;
				CLANG_WARN__DUPLICATE_METHOD_MATCH = YES;
				CODE_SIGN_IDENTITY = "iPhone Developer";
				COPY_PHASE_STRIP = NO;
				DEBUG_INFORMATION_FORMAT = "dwarf-with-dsym";
				ENABLE_NS_ASSERTIONS = NO;
				ENABLE_STRICT_OBJC_MSGSEND = YES;
				GCC_C_LANGUAGE_STANDARD = gnu11;
				GCC_NO_COMMON_BLOCKS = YES;
				GCC_WARN_64_TO_32_BIT_CONVERSION = YES;
				GCC_WARN_ABOUT_RETURN_TYPE = YES_ERROR;
				GCC_WARN_UNDECLARED_SELECTOR = YES;
				GCC_WARN_UNINITIALIZED_AUTOS = YES_AGGRESSIVE;
				GCC_WARN_UNUSED_FUNCTION = YES;
				GCC_WARN_UNUSED_VARIABLE = YES;
				IPHONEOS_DEPLOYMENT_TARGET = 12.1;
				MTL_ENABLE_DEBUG_INFO = NO;
				MTL_FAST_MATH = YES;
				SDKROOT = iphoneos;
				SWIFT_COMPILATION_MODE = wholemodule;
				SWIFT_OPTIMIZATION_LEVEL = "-O";
				VALIDATE_PRODUCT = YES;
			};
			name = Release;
		};
		847DC348224DE85000723661 /* Debug */ = {
			isa = XCBuildConfiguration;
			buildSettings = {
				ASSETCATALOG_COMPILER_APPICON_NAME = AppIcon;
				CODE_SIGN_STYLE = Automatic;
				DEVELOPMENT_TEAM = TZ5A4HVB5H;
				INFOPLIST_FILE = LinkedInSignInSwift/Info.plist;
				IPHONEOS_DEPLOYMENT_TARGET = 10.0;
				LD_RUNPATH_SEARCH_PATHS = (
					"$(inherited)",
					"@executable_path/Frameworks",
				);
				PRODUCT_BUNDLE_IDENTIFIER = com.elsnerdev.LinkedInSignInSwift;
				PRODUCT_NAME = "$(TARGET_NAME)";
				SWIFT_VERSION = 4.2;
				TARGETED_DEVICE_FAMILY = "1,2";
			};
			name = Debug;
		};
		847DC349224DE85000723661 /* Release */ = {
			isa = XCBuildConfiguration;
			buildSettings = {
				ASSETCATALOG_COMPILER_APPICON_NAME = AppIcon;
				CODE_SIGN_STYLE = Automatic;
				DEVELOPMENT_TEAM = TZ5A4HVB5H;
				INFOPLIST_FILE = LinkedInSignInSwift/Info.plist;
				IPHONEOS_DEPLOYMENT_TARGET = 10.0;
				LD_RUNPATH_SEARCH_PATHS = (
					"$(inherited)",
					"@executable_path/Frameworks",
				);
				PRODUCT_BUNDLE_IDENTIFIER = com.elsnerdev.LinkedInSignInSwift;
				PRODUCT_NAME = "$(TARGET_NAME)";
				SWIFT_VERSION = 4.2;
				TARGETED_DEVICE_FAMILY = "1,2";
			};
			name = Release;
		};
/* End XCBuildConfiguration section */

/* Begin XCConfigurationList section */
		847DC32D224DE84600723661 /* Build configuration list for PBXProject "LinkedInSignInSwift" */ = {
			isa = XCConfigurationList;
			buildConfigurations = (
				847DC345224DE85000723661 /* Debug */,
				847DC346224DE85000723661 /* Release */,
			);
			defaultConfigurationIsVisible = 0;
			defaultConfigurationName = Release;
		};
		847DC347224DE85000723661 /* Build configuration list for PBXNativeTarget "LinkedInSignInSwift" */ = {
			isa = XCConfigurationList;
			buildConfigurations = (
				847DC348224DE85000723661 /* Debug */,
				847DC349224DE85000723661 /* Release */,
			);
			defaultConfigurationIsVisible = 0;
			defaultConfigurationName = Release;
		};
/* End XCConfigurationList section */

/* Begin XCVersionGroup section */
		847DC33C224DE84700723661 /* LinkedInSignInSwift.xcdatamodeld */ = {
			isa = XCVersionGroup;
			children = (
				847DC33D224DE84700723661 /* LinkedInSignInSwift.xcdatamodel */,
			);
			currentVersion = 847DC33D224DE84700723661 /* LinkedInSignInSwift.xcdatamodel */;
			path = LinkedInSignInSwift.xcdatamodeld;
			sourceTree = "<group>";
			versionGroupType = wrapper.xcdatamodel;
		};
/* End XCVersionGroup section */
	};
	rootObject = 847DC32A224DE84600723661 /* Project object */;
}
